
Microsoft Visual Studio Solution File, Format Version 12.00
# Visual Studio Version 17
VisualStudioVersion = 17.14.36518.9
MinimumVisualStudioVersion = 10.0.40219.1
Project("{FAE04EC0-301F-11D3-BF4B-00C04F79EFBC}") = "CSharpProgramming", "CSharpProgramming.csproj", "{D83956DE-4B43-443C-A9D9-70F15DE6A6E6}"
EndProject
Project("{2150E333-8FDC-42A3-9474-1A3956D46DE8}") = "WeeklySnapshots", "WeeklySnapshots", "{5AE948F4-775C-6F31-8993-3ECB00507BE2}"
EndProject
Project("{FAE04EC0-301F-11D3-BF4B-00C04F79EFBC}") = "Week01", "WeeklySnapshots\Week01\Week01.csproj", "{09363469-B9FC-463E-886A-CCD6CF47644A}"
EndProject
Project("{FAE04EC0-301F-11D3-BF4B-00C04F79EFBC}") = "Week02", "WeeklySnapshots\Week02\Week02.csproj", "{7E554475-B06F-4468-9B96-F33C63BCD6F6}"
EndProject
Project("{FAE04EC0-301F-11D3-BF4B-00C04F79EFBC}") = "Week03", "WeeklySnapshots\Week03\Week03.csproj", "{E607DFD1-14DB-4925-87F8-41AD99EDD8CE}"
EndProject
Project("{FAE04EC0-301F-11D3-BF4B-00C04F79EFBC}") = "Week04", "WeeklySnapshots\Week04\Week04.csproj", "{38EB9D50-BD3D-4DEF-A642-09E47C36390E}"
EndProject
Project("{FAE04EC0-301F-11D3-BF4B-00C04F79EFBC}") = "Week05", "WeeklySnapshots\Week05\Week05.csproj", "{A4DECBFC-8681-4906-A5EC-4B8802A1BAE4}"
EndProject
Project("{FAE04EC0-301F-11D3-BF4B-00C04F79EFBC}") = "Week06", "WeeklySnapshots\Week06\Week06.csproj", "{9F792029-885E-4120-A1A8-CB343AF9211A}"
EndProject
Project("{FAE04EC0-301F-11D3-BF4B-00C04F79EFBC}") = "Week07", "WeeklySnapshots\Week07\Week07.csproj", "{8E3DE618-D131-43FB-8E1A-F65F293B3C7C}"
EndProject
Project("{FAE04EC0-301F-11D3-BF4B-00C04F79EFBC}") = "Week08", "WeeklySnapshots\Week08\Week08.csproj", "{91699B1A-015A-4545-8B4D-1761905136AE}"
EndProject
Project("{FAE04EC0-301F-11D3-BF4B-00C04F79EFBC}") = "Week09", "WeeklySnapshots\Week09\Week09.csproj", "{AA00EAF8-F376-4BE2-9B72-30B951E3C666}"
EndProject
Project("{FAE04EC0-301F-11D3-BF4B-00C04F79EFBC}") = "Week10", "WeeklySnapshots\Week10\Week10.csproj", "{5777F936-AC7C-4149-AA62-35D2DF93208E}"
EndProject
Project("{FAE04EC0-301F-11D3-BF4B-00C04F79EFBC}") = "Week11", "WeeklySnapshots\Week11\Week11.csproj", "{F02B0B56-AEDB-4CDC-A728-1C3C3084F73E}"
EndProject
Project("{FAE04EC0-301F-11D3-BF4B-00C04F79EFBC}") = "Week12", "WeeklySnapshots\Week12\Week12.csproj", "{C84B4889-4D96-43BA-A415-A9FB53BEDF94}"
EndProject
Project("{FAE04EC0-301F-11D3-BF4B-00C04F79EFBC}") = "Week13", "WeeklySnapshots\Week13\Week13.csproj", "{BBACC0D0-6577-44EB-AE63-A430416F7961}"
EndProject
Project("{FAE04EC0-301F-11D3-BF4B-00C04F79EFBC}") = "Week14", "WeeklySnapshots\Week14\Week14.csproj", "{2FACB407-A7EA-4BF1-904F-6764B18DE432}"
EndProject
Project("{FAE04EC0-301F-11D3-BF4B-00C04F79EFBC}") = "Week15", "WeeklySnapshots\Week15\Week15.csproj", "{C137EBFA-C150-4B6E-80EE-A352146A408C}"
EndProject
Project("{2150E333-8FDC-42A3-9474-1A3956D46DE8}") = "Hafta-Son", "Hafta-Son", "{11FCA963-458F-2EF5-2A4F-476DC201BDF8}"
EndProject
Project("{FAE04EC0-301F-11D3-BF4B-00C04F79EFBC}") = "HangarDesk.Final", "Hafta-Son\HangarDesk.Final.csproj", "{A0066538-67A5-45A7-8D5A-307641BC820E}"
EndProject
Global
	GlobalSection(SolutionConfigurationPlatforms) = preSolution
		Debug|Any CPU = Debug|Any CPU
		Debug|x64 = Debug|x64
		Debug|x86 = Debug|x86
		Release|Any CPU = Release|Any CPU
		Release|x64 = Release|x64
		Release|x86 = Release|x86
	EndGlobalSection
	GlobalSection(ProjectConfigurationPlatforms) = postSolution
		{D83956DE-4B43-443C-A9D9-70F15DE6A6E6}.Debug|Any CPU.ActiveCfg = Debug|Any CPU
		{D83956DE-4B43-443C-A9D9-70F15DE6A6E6}.Debug|Any CPU.Build.0 = Debug|Any CPU
		{D83956DE-4B43-443C-A9D9-70F15DE6A6E6}.Debug|x64.ActiveCfg = Debug|Any CPU
		{D83956DE-4B43-443C-A9D9-70F15DE6A6E6}.Debug|x64.Build.0 = Debug|Any CPU
		{D83956DE-4B43-443C-A9D9-70F15DE6A6E6}.Debug|x86.ActiveCfg = Debug|Any CPU
		{D83956DE-4B43-443C-A9D9-70F15DE6A6E6}.Debug|x86.Build.0 = Debug|Any CPU
		{D83956DE-4B43-443C-A9D9-70F15DE6A6E6}.Release|Any CPU.ActiveCfg = Release|Any CPU
		{D83956DE-4B43-443C-A9D9-70F15DE6A6E6}.Release|Any CPU.Build.0 = Release|Any CPU
		{D83956DE-4B43-443C-A9D9-70F15DE6A6E6}.Release|x64.ActiveCfg = Release|Any CPU
		{D83956DE-4B43-443C-A9D9-70F15DE6A6E6}.Release|x64.Build.0 = Release|Any CPU
		{D83956DE-4B43-443C-A9D9-70F15DE6A6E6}.Release|x86.ActiveCfg = Release|Any CPU
		{D83956DE-4B43-443C-A9D9-70F15DE6A6E6}.Release|x86.Build.0 = Release|Any CPU
		{09363469-B9FC-463E-886A-CCD6CF47644A}.Debug|Any CPU.ActiveCfg = Debug|Any CPU
		{09363469-B9FC-463E-886A-CCD6CF47644A}.Debug|Any CPU.Build.0 = Debug|Any CPU
		{09363469-B9FC-463E-886A-CCD6CF47644A}.Debug|x64.ActiveCfg = Debug|Any CPU
		{09363469-B9FC-463E-886A-CCD6CF47644A}.Debug|x64.Build.0 = Debug|Any CPU
		{09363469-B9FC-463E-886A-CCD6CF47644A}.Debug|x86.ActiveCfg = Debug|Any CPU
		{09363469-B9FC-463E-886A-CCD6CF47644A}.Debug|x86.Build.0 = Debug|Any CPU
		{09363469-B9FC-463E-886A-CCD6CF47644A}.Release|Any CPU.ActiveCfg = Release|Any CPU
		{09363469-B9FC-463E-886A-CCD6CF47644A}.Release|Any CPU.Build.0 = Release|Any CPU
		{09363469-B9FC-463E-886A-CCD6CF47644A}.Release|x64.ActiveCfg = Release|Any CPU
		{09363469-B9FC-463E-886A-CCD6CF47644A}.Release|x64.Build.0 = Release|Any CPU
		{09363469-B9FC-463E-886A-CCD6CF47644A}.Release|x86.ActiveCfg = Release|Any CPU
		{09363469-B9FC-463E-886A-CCD6CF47644A}.Release|x86.Build.0 = Release|Any CPU
		{7E554475-B06F-4468-9B96-F33C63BCD6F6}.Debug|Any CPU.ActiveCfg = Debug|Any CPU
		{7E554475-B06F-4468-9B96-F33C63BCD6F6}.Debug|Any CPU.Build.0 = Debug|Any CPU
		{7E554475-B06F-4468-9B96-F33C63BCD6F6}.Debug|x64.ActiveCfg = Debug|Any CPU
		{7E554475-B06F-4468-9B96-F33C63BCD6F6}.Debug|x64.Build.0 = Debug|Any CPU
		{7E554475-B06F-4468-9B96-F33C63BCD6F6}.Debug|x86.ActiveCfg = Debug|Any CPU
		{7E554475-B06F-4468-9B96-F33C63BCD6F6}.Debug|x86.Build.0 = Debug|Any CPU
		{7E554475-B06F-4468-9B96-F33C63BCD6F6}.Release|Any CPU.ActiveCfg = Release|Any CPU
		{7E554475-B06F-4468-9B96-F33C63BCD6F6}.Release|Any CPU.Build.0 = Release|Any CPU
		{7E554475-B06F-4468-9B96-F33C63BCD6F6}.Release|x64.ActiveCfg = Release|Any CPU
		{7E554475-B06F-4468-9B96-F33C63BCD6F6}.Release|x64.Build.0 = Release|Any CPU
		{7E554475-B06F-4468-9B96-F33C63BCD6F6}.Release|x86.ActiveCfg = Release|Any CPU
		{7E554475-B06F-4468-9B96-F33C63BCD6F6}.Release|x86.Build.0 = Release|Any CPU
		{E607DFD1-14DB-4925-87F8-41AD99EDD8CE}.Debug|Any CPU.ActiveCfg = Debug|Any CPU
		{E607DFD1-14DB-4925-87F8-41AD99EDD8CE}.Debug|Any CPU.Build.0 = Debug|Any CPU
		{E607DFD1-14DB-4925-87F8-41AD99EDD8CE}.Debug|x64.ActiveCfg = Debug|Any CPU
		{E607DFD1-14DB-4925-87F8-41AD99EDD8CE}.Debug|x64.Build.0 = Debug|Any CPU
		{E607DFD1-14DB-4925-87F8-41AD99EDD8CE}.Debug|x86.ActiveCfg = Debug|Any CPU
		{E607DFD1-14DB-4925-87F8-41AD99EDD8CE}.Debug|x86.Build.0 = Debug|Any CPU
		{E607DFD1-14DB-4925-87F8-41AD99EDD8CE}.Release|Any CPU.ActiveCfg = Release|Any CPU
		{E607DFD1-14DB-4925-87F8-41AD99EDD8CE}.Release|Any CPU.Build.0 = Release|Any CPU
		{E607DFD1-14DB-4925-87F8-41AD99EDD8CE}.Release|x64.ActiveCfg = Release|Any CPU
		{E607DFD1-14DB-4925-87F8-41AD99EDD8CE}.Release|x64.Build.0 = Release|Any CPU
		{E607DFD1-14DB-4925-87F8-41AD99EDD8CE}.Release|x86.ActiveCfg = Release|Any CPU
		{E607DFD1-14DB-4925-87F8-41AD99EDD8CE}.Release|x86.Build.0 = Release|Any CPU
		{38EB9D50-BD3D-4DEF-A642-09E47C36390E}.Debug|Any CPU.ActiveCfg = Debug|Any CPU
		{38EB9D50-BD3D-4DEF-A642-09E47C36390E}.Debug|Any CPU.Build.0 = Debug|Any CPU
		{38EB9D50-BD3D-4DEF-A642-09E47C36390E}.Debug|x64.ActiveCfg = Debug|Any CPU
		{38EB9D50-BD3D-4DEF-A642-09E47C36390E}.Debug|x64.Build.0 = Debug|Any CPU
		{38EB9D50-BD3D-4DEF-A642-09E47C36390E}.Debug|x86.ActiveCfg = Debug|Any CPU
		{38EB9D50-BD3D-4DEF-A642-09E47C36390E}.Debug|x86.Build.0 = Debug|Any CPU
		{38EB9D50-BD3D-4DEF-A642-09E47C36390E}.Release|Any CPU.ActiveCfg = Release|Any CPU
		{38EB9D50-BD3D-4DEF-A642-09E47C36390E}.Release|Any CPU.Build.0 = Release|Any CPU
		{38EB9D50-BD3D-4DEF-A642-09E47C36390E}.Release|x64.ActiveCfg = Release|Any CPU
		{38EB9D50-BD3D-4DEF-A642-09E47C36390E}.Release|x64.Build.0 = Release|Any CPU
		{38EB9D50-BD3D-4DEF-A642-09E47C36390E}.Release|x86.ActiveCfg = Release|Any CPU
		{38EB9D50-BD3D-4DEF-A642-09E47C36390E}.Release|x86.Build.0 = Release|Any CPU
		{A4DECBFC-8681-4906-A5EC-4B8802A1BAE4}.Debug|Any CPU.ActiveCfg = Debug|Any CPU
		{A4DECBFC-8681-4906-A5EC-4B8802A1BAE4}.Debug|Any CPU.Build.0 = Debug|Any CPU
		{A4DECBFC-8681-4906-A5EC-4B8802A1BAE4}.Debug|x64.ActiveCfg = Debug|Any CPU
		{A4DECBFC-8681-4906-A5EC-4B8802A1BAE4}.Debug|x64.Build.0 = Debug|Any CPU
		{A4DECBFC-8681-4906-A5EC-4B8802A1BAE4}.Debug|x86.ActiveCfg = Debug|Any CPU
		{A4DECBFC-8681-4906-A5EC-4B8802A1BAE4}.Debug|x86.Build.0 = Debug|Any CPU
		{A4DECBFC-8681-4906-A5EC-4B8802A1BAE4}.Release|Any CPU.ActiveCfg = Release|Any CPU
		{A4DECBFC-8681-4906-A5EC-4B8802A1BAE4}.Release|Any CPU.Build.0 = Release|Any CPU
		{A4DECBFC-8681-4906-A5EC-4B8802A1BAE4}.Release|x64.ActiveCfg = Release|Any CPU
		{A4DECBFC-8681-4906-A5EC-4B8802A1BAE4}.Release|x64.Build.0 = Release|Any CPU
		{A4DECBFC-8681-4906-A5EC-4B8802A1BAE4}.Release|x86.ActiveCfg = Release|Any CPU
		{A4DECBFC-8681-4906-A5EC-4B8802A1BAE4}.Release|x86.Build.0 = Release|Any CPU
		{9F792029-885E-4120-A1A8-CB343AF9211A}.Debug|Any CPU.ActiveCfg = Debug|Any CPU
		{9F792029-885E-4120-A1A8-CB343AF9211A}.Debug|Any CPU.Build.0 = Debug|Any CPU
		{9F792029-885E-4120-A1A8-CB343AF9211A}.Debug|x64.ActiveCfg = Debug|Any CPU
		{9F792029-885E-4120-A1A8-CB343AF9211A}.Debug|x64.Build.0 = Debug|Any CPU
		{9F792029-885E-4120-A1A8-CB343AF9211A}.Debug|x86.ActiveCfg = Debug|Any CPU
		{9F792029-885E-4120-A1A8-CB343AF9211A}.Debug|x86.Build.0 = Debug|Any CPU
		{9F792029-885E-4120-A1A8-CB343AF9211A}.Release|Any CPU.ActiveCfg = Release|Any CPU
		{9F792029-885E-4120-A1A8-CB343AF9211A}.Release|Any CPU.Build.0 = Release|Any CPU
		{9F792029-885E-4120-A1A8-CB343AF9211A}.Release|x64.ActiveCfg = Release|Any CPU
		{9F792029-885E-4120-A1A8-CB343AF9211A}.Release|x64.Build.0 = Release|Any CPU
		{9F792029-885E-4120-A1A8-CB343AF9211A}.Release|x86.ActiveCfg = Release|Any CPU
		{9F792029-885E-4120-A1A8-CB343AF9211A}.Release|x86.Build.0 = Release|Any CPU
		{8E3DE618-D131-43FB-8E1A-F65F293B3C7C}.Debug|Any CPU.ActiveCfg = Debug|Any CPU
		{8E3DE618-D131-43FB-8E1A-F65F293B3C7C}.Debug|Any CPU.Build.0 = Debug|Any CPU
		{8E3DE618-D131-43FB-8E1A-F65F293B3C7C}.Debug|x64.ActiveCfg = Debug|Any CPU
		{8E3DE618-D131-43FB-8E1A-F65F293B3C7C}.Debug|x64.Build.0 = Debug|Any CPU
		{8E3DE618-D131-43FB-8E1A-F65F293B3C7C}.Debug|x86.ActiveCfg = Debug|Any CPU
		{8E3DE618-D131-43FB-8E1A-F65F293B3C7C}.Debug|x86.Build.0 = Debug|Any CPU
		{8E3DE618-D131-43FB-8E1A-F65F293B3C7C}.Release|Any CPU.ActiveCfg = Release|Any CPU
		{8E3DE618-D131-43FB-8E1A-F65F293B3C7C}.Release|Any CPU.Build.0 = Release|Any CPU
		{8E3DE618-D131-43FB-8E1A-F65F293B3C7C}.Release|x64.ActiveCfg = Release|Any CPU
		{8E3DE618-D131-43FB-8E1A-F65F293B3C7C}.Release|x64.Build.0 = Release|Any CPU
		{8E3DE618-D131-43FB-8E1A-F65F293B3C7C}.Release|x86.ActiveCfg = Release|Any CPU
		{8E3DE618-D131-43FB-8E1A-F65F293B3C7C}.Release|x86.Build.0 = Release|Any CPU
		{91699B1A-015A-4545-8B4D-1761905136AE}.Debug|Any CPU.ActiveCfg = Debug|Any CPU
		{91699B1A-015A-4545-8B4D-1761905136AE}.Debug|Any CPU.Build.0 = Debug|Any CPU
		{91699B1A-015A-4545-8B4D-1761905136AE}.Debug|x64.ActiveCfg = Debug|Any CPU
		{91699B1A-015A-4545-8B4D-1761905136AE}.Debug|x64.Build.0 = Debug|Any CPU
		{91699B1A-015A-4545-8B4D-1761905136AE}.Debug|x86.ActiveCfg = Debug|Any CPU
		{91699B1A-015A-4545-8B4D-1761905136AE}.Debug|x86.Build.0 = Debug|Any CPU
		{91699B1A-015A-4545-8B4D-1761905136AE}.Release|Any CPU.ActiveCfg = Release|Any CPU
		{91699B1A-015A-4545-8B4D-1761905136AE}.Release|Any CPU.Build.0 = Release|Any CPU
		{91699B1A-015A-4545-8B4D-1761905136AE}.Release|x64.ActiveCfg = Release|Any CPU
		{91699B1A-015A-4545-8B4D-1761905136AE}.Release|x64.Build.0 = Release|Any CPU
		{91699B1A-015A-4545-8B4D-1761905136AE}.Release|x86.ActiveCfg = Release|Any CPU
		{91699B1A-015A-4545-8B4D-1761905136AE}.Release|x86.Build.0 = Release|Any CPU
		{AA00EAF8-F376-4BE2-9B72-30B951E3C666}.Debug|Any CPU.ActiveCfg = Debug|Any CPU
		{AA00EAF8-F376-4BE2-9B72-30B951E3C666}.Debug|Any CPU.Build.0 = Debug|Any CPU
		{AA00EAF8-F376-4BE2-9B72-30B951E3C666}.Debug|x64.ActiveCfg = Debug|Any CPU
		{AA00EAF8-F376-4BE2-9B72-30B951E3C666}.Debug|x64.Build.0 = Debug|Any CPU
		{AA00EAF8-F376-4BE2-9B72-30B951E3C666}.Debug|x86.ActiveCfg = Debug|Any CPU
		{AA00EAF8-F376-4BE2-9B72-30B951E3C666}.Debug|x86.Build.0 = Debug|Any CPU
		{AA00EAF8-F376-4BE2-9B72-30B951E3C666}.Release|Any CPU.ActiveCfg = Release|Any CPU
		{AA00EAF8-F376-4BE2-9B72-30B951E3C666}.Release|Any CPU.Build.0 = Release|Any CPU
		{AA00EAF8-F376-4BE2-9B72-30B951E3C666}.Release|x64.ActiveCfg = Release|Any CPU
		{AA00EAF8-F376-4BE2-9B72-30B951E3C666}.Release|x64.Build.0 = Release|Any CPU
		{AA00EAF8-F376-4BE2-9B72-30B951E3C666}.Release|x86.ActiveCfg = Release|Any CPU
		{AA00EAF8-F376-4BE2-9B72-30B951E3C666}.Release|x86.Build.0 = Release|Any CPU
		{5777F936-AC7C-4149-AA62-35D2DF93208E}.Debug|Any CPU.ActiveCfg = Debug|Any CPU
		{5777F936-AC7C-4149-AA62-35D2DF93208E}.Debug|Any CPU.Build.0 = Debug|Any CPU
		{5777F936-AC7C-4149-AA62-35D2DF93208E}.Debug|x64.ActiveCfg = Debug|Any CPU
		{5777F936-AC7C-4149-AA62-35D2DF93208E}.Debug|x64.Build.0 = Debug|Any CPU
		{5777F936-AC7C-4149-AA62-35D2DF93208E}.Debug|x86.ActiveCfg = Debug|Any CPU
		{5777F936-AC7C-4149-AA62-35D2DF93208E}.Debug|x86.Build.0 = Debug|Any CPU
		{5777F936-AC7C-4149-AA62-35D2DF93208E}.Release|Any CPU.ActiveCfg = Release|Any CPU
		{5777F936-AC7C-4149-AA62-35D2DF93208E}.Release|Any CPU.Build.0 = Release|Any CPU
		{5777F936-AC7C-4149-AA62-35D2DF93208E}.Release|x64.ActiveCfg = Release|Any CPU
		{5777F936-AC7C-4149-AA62-35D2DF93208E}.Release|x64.Build.0 = Release|Any CPU
		{5777F936-AC7C-4149-AA62-35D2DF93208E}.Release|x86.ActiveCfg = Release|Any CPU
		{5777F936-AC7C-4149-AA62-35D2DF93208E}.Release|x86.Build.0 = Release|Any CPU
		{F02B0B56-AEDB-4CDC-A728-1C3C3084F73E}.Debug|Any CPU.ActiveCfg = Debug|Any CPU
		{F02B0B56-AEDB-4CDC-A728-1C3C3084F73E}.Debug|Any CPU.Build.0 = Debug|Any CPU
		{F02B0B56-AEDB-4CDC-A728-1C3C3084F73E}.Debug|x64.ActiveCfg = Debug|Any CPU
		{F02B0B56-AEDB-4CDC-A728-1C3C3084F73E}.Debug|x64.Build.0 = Debug|Any CPU
		{F02B0B56-AEDB-4CDC-A728-1C3C3084F73E}.Debug|x86.ActiveCfg = Debug|Any CPU
		{F02B0B56-AEDB-4CDC-A728-1C3C3084F73E}.Debug|x86.Build.0 = Debug|Any CPU
		{F02B0B56-AEDB-4CDC-A728-1C3C3084F73E}.Release|Any CPU.ActiveCfg = Release|Any CPU
		{F02B0B56-AEDB-4CDC-A728-1C3C3084F73E}.Release|Any CPU.Build.0 = Release|Any CPU
		{F02B0B56-AEDB-4CDC-A728-1C3C3084F73E}.Release|x64.ActiveCfg = Release|Any CPU
		{F02B0B56-AEDB-4CDC-A728-1C3C3084F73E}.Release|x64.Build.0 = Release|Any CPU
		{F02B0B56-AEDB-4CDC-A728-1C3C3084F73E}.Release|x86.ActiveCfg = Release|Any CPU
		{F02B0B56-AEDB-4CDC-A728-1C3C3084F73E}.Release|x86.Build.0 = Release|Any CPU
		{C84B4889-4D96-43BA-A415-A9FB53BEDF94}.Debug|Any CPU.ActiveCfg = Debug|Any CPU
		{C84B4889-4D96-43BA-A415-A9FB53BEDF94}.Debug|Any CPU.Build.0 = Debug|Any CPU
		{C84B4889-4D96-43BA-A415-A9FB53BEDF94}.Debug|x64.ActiveCfg = Debug|Any CPU
		{C84B4889-4D96-43BA-A415-A9FB53BEDF94}.Debug|x64.Build.0 = Debug|Any CPU
		{C84B4889-4D96-43BA-A415-A9FB53BEDF94}.Debug|x86.ActiveCfg = Debug|Any CPU
		{C84B4889-4D96-43BA-A415-A9FB53BEDF94}.Debug|x86.Build.0 = Debug|Any CPU
		{C84B4889-4D96-43BA-A415-A9FB53BEDF94}.Release|Any CPU.ActiveCfg = Release|Any CPU
		{C84B4889-4D96-43BA-A415-A9FB53BEDF94}.Release|Any CPU.Build.0 = Release|Any CPU
		{C84B4889-4D96-43BA-A415-A9FB53BEDF94}.Release|x64.ActiveCfg = Release|Any CPU
		{C84B4889-4D96-43BA-A415-A9FB53BEDF94}.Release|x64.Build.0 = Release|Any CPU
		{C84B4889-4D96-43BA-A415-A9FB53BEDF94}.Release|x86.ActiveCfg = Release|Any CPU
		{C84B4889-4D96-43BA-A415-A9FB53BEDF94}.Release|x86.Build.0 = Release|Any CPU
		{BBACC0D0-6577-44EB-AE63-A430416F7961}.Debug|Any CPU.ActiveCfg = Debug|Any CPU
		{BBACC0D0-6577-44EB-AE63-A430416F7961}.Debug|Any CPU.Build.0 = Debug|Any CPU
		{BBACC0D0-6577-44EB-AE63-A430416F7961}.Debug|x64.ActiveCfg = Debug|Any CPU
		{BBACC0D0-6577-44EB-AE63-A430416F7961}.Debug|x64.Build.0 = Debug|Any CPU
		{BBACC0D0-6577-44EB-AE63-A430416F7961}.Debug|x86.ActiveCfg = Debug|Any CPU
		{BBACC0D0-6577-44EB-AE63-A430416F7961}.Debug|x86.Build.0 = Debug|Any CPU
		{BBACC0D0-6577-44EB-AE63-A430416F7961}.Release|Any CPU.ActiveCfg = Release|Any CPU
		{BBACC0D0-6577-44EB-AE63-A430416F7961}.Release|Any CPU.Build.0 = Release|Any CPU
		{BBACC0D0-6577-44EB-AE63-A430416F7961}.Release|x64.ActiveCfg = Release|Any CPU
		{BBACC0D0-6577-44EB-AE63-A430416F7961}.Release|x64.Build.0 = Release|Any CPU
		{BBACC0D0-6577-44EB-AE63-A430416F7961}.Release|x86.ActiveCfg = Release|Any CPU
		{BBACC0D0-6577-44EB-AE63-A430416F7961}.Release|x86.Build.0 = Release|Any CPU
		{2FACB407-A7EA-4BF1-904F-6764B18DE432}.Debug|Any CPU.ActiveCfg = Debug|Any CPU
		{2FACB407-A7EA-4BF1-904F-6764B18DE432}.Debug|Any CPU.Build.0 = Debug|Any CPU
		{2FACB407-A7EA-4BF1-904F-6764B18DE432}.Debug|x64.ActiveCfg = Debug|Any CPU
		{2FACB407-A7EA-4BF1-904F-6764B18DE432}.Debug|x64.Build.0 = Debug|Any CPU
		{2FACB407-A7EA-4BF1-904F-6764B18DE432}.Debug|x86.ActiveCfg = Debug|Any CPU
		{2FACB407-A7EA-4BF1-904F-6764B18DE432}.Debug|x86.Build.0 = Debug|Any CPU
		{2FACB407-A7EA-4BF1-904F-6764B18DE432}.Release|Any CPU.ActiveCfg = Release|Any CPU
		{2FACB407-A7EA-4BF1-904F-6764B18DE432}.Release|Any CPU.Build.0 = Release|Any CPU
		{2FACB407-A7EA-4BF1-904F-6764B18DE432}.Release|x64.ActiveCfg = Release|Any CPU
		{2FACB407-A7EA-4BF1-904F-6764B18DE432}.Release|x64.Build.0 = Release|Any CPU
		{2FACB407-A7EA-4BF1-904F-6764B18DE432}.Release|x86.ActiveCfg = Release|Any CPU
		{2FACB407-A7EA-4BF1-904F-6764B18DE432}.Release|x86.Build.0 = Release|Any CPU
		{C137EBFA-C150-4B6E-80EE-A352146A408C}.Debug|Any CPU.ActiveCfg = Debug|Any CPU
		{C137EBFA-C150-4B6E-80EE-A352146A408C}.Debug|Any CPU.Build.0 = Debug|Any CPU
		{C137EBFA-C150-4B6E-80EE-A352146A408C}.Debug|x64.ActiveCfg = Debug|Any CPU
		{C137EBFA-C150-4B6E-80EE-A352146A408C}.Debug|x64.Build.0 = Debug|Any CPU
		{C137EBFA-C150-4B6E-80EE-A352146A408C}.Debug|x86.ActiveCfg = Debug|Any CPU
		{C137EBFA-C150-4B6E-80EE-A352146A408C}.Debug|x86.Build.0 = Debug|Any CPU
		{C137EBFA-C150-4B6E-80EE-A352146A408C}.Release|Any CPU.ActiveCfg = Release|Any CPU
		{C137EBFA-C150-4B6E-80EE-A352146A408C}.Release|Any CPU.Build.0 = Release|Any CPU
		{C137EBFA-C150-4B6E-80EE-A352146A408C}.Release|x64.ActiveCfg = Release|Any CPU
		{C137EBFA-C150-4B6E-80EE-A352146A408C}.Release|x64.Build.0 = Release|Any CPU
		{C137EBFA-C150-4B6E-80EE-A352146A408C}.Release|x86.ActiveCfg = Release|Any CPU
		{C137EBFA-C150-4B6E-80EE-A352146A408C}.Release|x86.Build.0 = Release|Any CPU
		{A0066538-67A5-45A7-8D5A-307641BC820E}.Debug|Any CPU.ActiveCfg = Debug|Any CPU
		{A0066538-67A5-45A7-8D5A-307641BC820E}.Debug|Any CPU.Build.0 = Debug|Any CPU
		{A0066538-67A5-45A7-8D5A-307641BC820E}.Debug|x64.ActiveCfg = Debug|Any CPU
		{A0066538-67A5-45A7-8D5A-307641BC820E}.Debug|x64.Build.0 = Debug|Any CPU
		{A0066538-67A5-45A7-8D5A-307641BC820E}.Debug|x86.ActiveCfg = Debug|Any CPU
		{A0066538-67A5-45A7-8D5A-307641BC820E}.Debug|x86.Build.0 = Debug|Any CPU
		{A0066538-67A5-45A7-8D5A-307641BC820E}.Release|Any CPU.ActiveCfg = Release|Any CPU
		{A0066538-67A5-45A7-8D5A-307641BC820E}.Release|Any CPU.Build.0 = Release|Any CPU
		{A0066538-67A5-45A7-8D5A-307641BC820E}.Release|x64.ActiveCfg = Release|Any CPU
		{A0066538-67A5-45A7-8D5A-307641BC820E}.Release|x64.Build.0 = Release|Any CPU
		{A0066538-67A5-45A7-8D5A-307641BC820E}.Release|x86.ActiveCfg = Release|Any CPU
		{A0066538-67A5-45A7-8D5A-307641BC820E}.Release|x86.Build.0 = Release|Any CPU
	EndGlobalSection
	GlobalSection(SolutionProperties) = preSolution
		HideSolutionNode = FALSE
	EndGlobalSection
	GlobalSection(NestedProjects) = preSolution
		{09363469-B9FC-463E-886A-CCD6CF47644A} = {5AE948F4-775C-6F31-8993-3ECB00507BE2}
		{7E554475-B06F-4468-9B96-F33C63BCD6F6} = {5AE948F4-775C-6F31-8993-3ECB00507BE2}
		{E607DFD1-14DB-4925-87F8-41AD99EDD8CE} = {5AE948F4-775C-6F31-8993-3ECB00507BE2}
		{38EB9D50-BD3D-4DEF-A642-09E47C36390E} = {5AE948F4-775C-6F31-8993-3ECB00507BE2}
		{A4DECBFC-8681-4906-A5EC-4B8802A1BAE4} = {5AE948F4-775C-6F31-8993-3ECB00507BE2}
		{9F792029-885E-4120-A1A8-CB343AF9211A} = {5AE948F4-775C-6F31-8993-3ECB00507BE2}
		{8E3DE618-D131-43FB-8E1A-F65F293B3C7C} = {5AE948F4-775C-6F31-8993-3ECB00507BE2}
		{91699B1A-015A-4545-8B4D-1761905136AE} = {5AE948F4-775C-6F31-8993-3ECB00507BE2}
		{AA00EAF8-F376-4BE2-9B72-30B951E3C666} = {5AE948F4-775C-6F31-8993-3ECB00507BE2}
		{5777F936-AC7C-4149-AA62-35D2DF93208E} = {5AE948F4-775C-6F31-8993-3ECB00507BE2}
		{F02B0B56-AEDB-4CDC-A728-1C3C3084F73E} = {5AE948F4-775C-6F31-8993-3ECB00507BE2}
		{C84B4889-4D96-43BA-A415-A9FB53BEDF94} = {5AE948F4-775C-6F31-8993-3ECB00507BE2}
		{BBACC0D0-6577-44EB-AE63-A430416F7961} = {5AE948F4-775C-6F31-8993-3ECB00507BE2}
		{2FACB407-A7EA-4BF1-904F-6764B18DE432} = {5AE948F4-775C-6F31-8993-3ECB00507BE2}
		{C137EBFA-C150-4B6E-80EE-A352146A408C} = {5AE948F4-775C-6F31-8993-3ECB00507BE2}
		{A0066538-67A5-45A7-8D5A-307641BC820E} = {11FCA963-458F-2EF5-2A4F-476DC201BDF8}
	EndGlobalSection
	GlobalSection(ExtensibilityGlobals) = postSolution
		SolutionGuid = {A489F5B1-76E9-4201-B9C3-C279719C6ECB}
	EndGlobalSection
EndGlobal
